<?xml version="1.0" encoding="utf-8"?>
<Project ToolsVersion="4.0" xmlns="http://schemas.microsoft.com/developer/msbuild/2003">
  <ItemGroup>
    <ClCompile Include="..\Classes\AppDelegate.cpp" />
    <ClCompile Include="..\Classes\CsvUtil.cpp" />
    <ClCompile Include="..\Classes\HelloWorldScene.cpp" />
    <ClCompile Include="..\Classes\LoadingSourceLayer.cpp" />
    <ClCompile Include="..\Classes\MenusLayer.cpp" />
    <ClCompile Include="..\Classes\SceneManager.cpp" />
    <ClCompile Include="..\Classes\SoundUtil.cpp" />
    <ClCompile Include="..\Classes\SpritesLayer.cpp" />
    <ClCompile Include="..\Classes\VisibleRect.cpp" />
    <ClCompile Include="..\Classes\WelcomeScene.cpp" />
    <ClCompile Include="..\Classes\Config.cpp" />
    <ClCompile Include="main.cpp" />
    <ClCompile Include="..\Classes\NumSprite.cpp" />
    <ClCompile Include="..\Classes\SceneBase.cpp" />
    <ClCompile Include="..\Classes\BarrierManager.cpp" />
    <ClCompile Include="..\Classes\DynamicPropertyInterface.cpp" />
    <ClCompile Include="..\Classes\Entity.cpp" />
    <ClCompile Include="..\Classes\EntityLayerBase.cpp" />
    <ClCompile Include="..\Classes\MapUtil.cpp" />
    <ClCompile Include="..\Classes\SceneFactory.cpp" />
    <ClCompile Include="..\Classes\BarrierBase.cpp" />
    <ClCompile Include="BarrierFactory.cpp" />
    <ClCompile Include="BarriersLayer.cpp" />
    <ClCompile Include="DesignLayer.cpp" />
    <ClCompile Include="DataCollectLayer.cpp" />
    <ClCompile Include="GameManager.cpp" />
    <ClCompile Include="..\Classes\PageSelectScene.cpp" />
    <ClCompile Include="..\Classes\PageViewLayer.cpp" />
  </ItemGroup>
  <ItemGroup>
    <ClInclude Include="..\Classes\AppDelegate.h" />
    <ClInclude Include="..\Classes\CommonDefine.h" />
    <ClInclude Include="..\Classes\CommonSource.h" />
    <ClInclude Include="..\Classes\CsvUtil.h" />
    <ClInclude Include="..\Classes\Config.h" />
    <ClInclude Include="..\Classes\FileLoadUtil.hpp" />
    <ClInclude Include="..\Classes\HelloWorldScene.h" />
    <ClInclude Include="..\Classes\LoadingSourceLayer.h" />
    <ClInclude Include="..\Classes\MenusLayer.h" />
    <ClInclude Include="..\Classes\route.h" />
    <ClInclude Include="..\Classes\SceneManager.h" />
    <ClInclude Include="..\Classes\SoundUtil.h" />
    <ClInclude Include="..\Classes\SpritesLayer.h" />
    <ClInclude Include="..\Classes\StringUtil.h" />
    <ClInclude Include="..\Classes\VisibleRect.h" />
    <ClInclude Include="..\Classes\WelcomeScene.h" />
    <ClInclude Include="..\Classes\GameScene.h" />
    <ClInclude Include="main.h" />
    <ClInclude Include="..\Classes\NumSprite.h" />
    <ClInclude Include="..\Classes\PageSelectScene.h" />
    <ClInclude Include="..\Classes\SceneBase.h" />
    <ClInclude Include="..\Classes\BarrierBase.h" />
    <ClInclude Include="..\Classes\BarrierManager.h" />
    <ClInclude Include="..\Classes\Carrot.h" />
    <ClInclude Include="..\Classes\DynamicPropertyInterface.h" />
    <ClInclude Include="..\Classes\Entity.h" />
    <ClInclude Include="..\Classes\EntityLayerBase.h" />
    <ClInclude Include="..\Classes\MapUtil.h" />
    <ClInclude Include="..\Classes\SceneFactory.h" />
    <ClInclude Include="..\Classes\resource.h" />
    <ClInclude Include="..\Classes\test.h" />
    <ClInclude Include="BarrierFactory.h" />
    <ClInclude Include="BarriersLayer.h" />
    <ClInclude Include="DesignLayer.h" />
    <ClInclude Include="DataCollectLayer.h" />
    <ClInclude Include="GameManager.h" />
    <ClInclude Include="..\Classes\PageViewLayer.h" />
  </ItemGroup>
  <ItemGroup>
    <ResourceCompile Include="game.rc" />
  </ItemGroup>
</Project>