<?xml version="1.0" encoding="utf-8"?>
<Project ToolsVersion="4.0" xmlns="http://schemas.microsoft.com/developer/msbuild/2003">
  <ItemGroup>
    <ClCompile Include="..\Classes\AppDelegate.cpp" />
    <ClCompile Include="..\Classes\CsvUtil.cpp" />
    <ClCompile Include="..\Classes\HelloWorldScene.cpp" />
    <ClCompile Include="..\Classes\LoadingSourceLayer.cpp" />
    <ClCompile Include="..\Classes\MenusLayer.cpp" />
    <ClCompile Include="..\Classes\SceneManager.cpp" />
    <ClCompile Include="..\Classes\SoundUtil.cpp" />
    <ClCompile Include="..\Classes\SpritesLayer.cpp" />
    <ClCompile Include="..\Classes\VisibleRect.cpp" />
    <ClCompile Include="..\Classes\WelcomeScene.cpp" />
    <ClCompile Include="..\Classes\Config.cpp" />
    <ClCompile Include="main.cpp" />
    <ClCompile Include="..\Classes\NumSprite.cpp" />
    <ClCompile Include="..\Classes\SceneBase.cpp" />
    <ClCompile Include="..\Classes\BarrierManager.cpp" />
    <ClCompile Include="..\Classes\DynamicPropertyInterface.cpp" />
    <ClCompile Include="..\Classes\Entity.cpp" />
    <ClCompile Include="..\Classes\EntityLayerBase.cpp" />
    <ClCompile Include="..\Classes\MapUtil.cpp" />
    <ClCompile Include="..\Classes\SceneFactory.cpp" />
    <ClCompile Include="..\Classes\PageViewLayer.cpp" />
    <ClCompile Include="..\Classes\BarrierFactory.cpp" />
    <ClCompile Include="..\Classes\BarriersLayer.cpp" />
    <ClCompile Include="..\Classes\DesignLayer.cpp" />
    <ClCompile Include="..\Classes\GameManager.cpp" />
    <ClCompile Include="..\Classes\MonsterHelpLayer.cpp" />
    <ClCompile Include="..\Classes\MonsterLayer.cpp" />
    <ClCompile Include="..\Classes\MonsterManager.cpp" />
    <ClCompile Include="..\Classes\MoveControllerBase.cpp" />
    <ClCompile Include="..\Classes\TowerBase.cpp" />
    <ClCompile Include="..\Classes\BulletBase.cpp" />
    <ClCompile Include="..\Classes\BulletFactory.cpp" />
    <ClCompile Include="..\Classes\BulletLayer.cpp" />
    <ClCompile Include="..\Classes\BulletManager.cpp" />
    <ClCompile Include="..\Classes\BulletStar.cpp" />
    <ClCompile Include="..\Classes\BulletRocket.cpp" />
    <ClCompile Include="..\Classes\BulletPin.cpp" />
    <ClCompile Include="..\Classes\BulletBlueStar.cpp" />
    <ClCompile Include="..\Classes\TowerManager.cpp" />
    <ClCompile Include="..\Classes\TowersLayer.cpp" />
    <ClCompile Include="..\Classes\AboutUsLayer.cpp" />
    <ClCompile Include="..\Classes\DataStatisticsLayer.cpp" />
    <ClCompile Include="..\Classes\HelpLayer.cpp" />
    <ClCompile Include="..\Classes\HelpMenuPanelLayer.cpp" />
    <ClCompile Include="..\Classes\HelpScene.cpp" />
    <ClCompile Include="..\Classes\LevelSelectLayer.cpp" />
    <ClCompile Include="..\Classes\LevelSelectScene.cpp" />
    <ClCompile Include="..\Classes\LocalLevelDataUtil.cpp" />
    <ClCompile Include="..\Classes\OptionLayer.cpp" />
    <ClCompile Include="..\Classes\SelectSceneMenuPanelLayer.cpp" />
    <ClCompile Include="..\Classes\SettingMenuPanelLayer.cpp" />
    <ClCompile Include="..\Classes\SettingScene.cpp" />
    <ClCompile Include="..\Classes\ThemeSelectScene.cpp" />
    <ClCompile Include="..\Classes\TowerHelpLayer.cpp" />
    <ClCompile Include="..\Classes\LevelConfigUtil.cpp" />
    <ClCompile Include="..\Classes\TiledMapLayer.cpp" />
    <ClCompile Include="..\Classes\LoadingScene.cpp" />
    <ClCompile Include="..\Classes\GameSceneII.cpp" />
    <ClCompile Include="..\Classes\BarrierBase.cpp" />
    <ClCompile Include="..\Classes\CollisionManager.cpp" />
    <ClCompile Include="..\Classes\HpSlot.cpp" />
    <ClCompile Include="..\Classes\MonsterBase.cpp" />
    <ClCompile Include="..\Classes\MonsterFactory.cpp" />
    <ClCompile Include="..\Classes\TowerBall.cpp" />
    <ClCompile Include="..\Classes\TowerBlueStar.cpp" />
    <ClCompile Include="..\Classes\TowerFireBottle.cpp" />
    <ClCompile Include="..\Classes\TowerPin.cpp" />
    <ClCompile Include="..\Classes\TowerPlane.cpp" />
    <ClCompile Include="..\Classes\TowerRocket.cpp" />
    <ClCompile Include="..\Classes\TowerSnow.cpp" />
    <ClCompile Include="..\Classes\TowerStar.cpp" />
    <ClCompile Include="..\Classes\TowerSun.cpp" />
    <ClCompile Include="..\Classes\VictimEntityBase.cpp" />
    <ClCompile Include="..\Classes\BarrierBuilder.cpp" />
    <ClCompile Include="..\Classes\BulletAnchor.cpp" />
    <ClCompile Include="..\Classes\BulletLittleAnchor.cpp" />
    <ClCompile Include="..\Classes\Carrot.cpp" />
    <ClCompile Include="..\Classes\CountDownLayer.cpp" />
    <ClCompile Include="..\Classes\GameEndLayer.cpp" />
    <ClCompile Include="..\Classes\GameScene.cpp" />
    <ClCompile Include="..\Classes\MonsterBuilder.cpp" />
    <ClCompile Include="..\Classes\OptLayer.cpp" />
    <ClCompile Include="..\Classes\PauseLayer.cpp" />
    <ClCompile Include="..\Classes\ScoreAndControlLayer.cpp" />
    <ClCompile Include="..\Classes\SharedMenu.cpp" />
    <ClCompile Include="..\Classes\TowerAnchor.cpp" />
    <ClCompile Include="..\Classes\TowerFactory.cpp" />
    <ClCompile Include="..\Classes\TowerOptBtn.cpp" />
    <ClCompile Include="..\Classes\BossModeLevelSelectLayer.cpp" />
    <ClCompile Include="..\Classes\BossModeLevelSelectScene.cpp" />
    <ClCompile Include="..\Classes\BM_MonsterBuilder.cpp" />
    <ClCompile Include="..\Classes\BM_ScoreAndControlLayer.cpp" />
    <ClCompile Include="..\Classes\BM_GameEndLayer.cpp" />
    <ClCompile Include="..\Classes\BulletFish.cpp" />
    <ClCompile Include="..\Classes\TowerFish.cpp" />
    <ClCompile Include="..\Classes\AdvertisementLayer.cpp" />
    <ClCompile Include="..\Classes\DataCollectLayer.cpp" />
    <ClCompile Include="..\Classes\TowerMushroom.cpp" />
    <ClCompile Include="..\Classes\TowerArrow.cpp" />
  </ItemGroup>
  <ItemGroup>
    <ClInclude Include="..\Classes\AppDelegate.h" />
    <ClInclude Include="..\Classes\CommonDefine.h" />
    <ClInclude Include="..\Classes\CommonSource.h" />
    <ClInclude Include="..\Classes\CsvUtil.h" />
    <ClInclude Include="..\Classes\Config.h" />
    <ClInclude Include="..\Classes\FileLoadUtil.hpp" />
    <ClInclude Include="..\Classes\HelloWorldScene.h" />
    <ClInclude Include="..\Classes\LoadingSourceLayer.h" />
    <ClInclude Include="..\Classes\MenusLayer.h" />
    <ClInclude Include="..\Classes\route.h" />
    <ClInclude Include="..\Classes\SceneManager.h" />
    <ClInclude Include="..\Classes\SoundUtil.h" />
    <ClInclude Include="..\Classes\SpritesLayer.h" />
    <ClInclude Include="..\Classes\StringUtil.h" />
    <ClInclude Include="..\Classes\VisibleRect.h" />
    <ClInclude Include="..\Classes\WelcomeScene.h" />
    <ClInclude Include="main.h" />
    <ClInclude Include="..\Classes\NumSprite.h" />
    <ClInclude Include="..\Classes\SceneBase.h" />
    <ClInclude Include="..\Classes\BarrierManager.h" />
    <ClInclude Include="..\Classes\Carrot.h" />
    <ClInclude Include="..\Classes\DynamicPropertyInterface.h" />
    <ClInclude Include="..\Classes\Entity.h" />
    <ClInclude Include="..\Classes\EntityLayerBase.h" />
    <ClInclude Include="..\Classes\MapUtil.h" />
    <ClInclude Include="..\Classes\SceneFactory.h" />
    <ClInclude Include="..\Classes\resource.h" />
    <ClInclude Include="..\Classes\test.h" />
    <ClInclude Include="..\Classes\PageViewLayer.h" />
    <ClInclude Include="..\Classes\BarrierFactory.h" />
    <ClInclude Include="..\Classes\BarriersLayer.h" />
    <ClInclude Include="..\Classes\DesignLayer.h" />
    <ClInclude Include="..\Classes\GameManager.h" />
    <ClInclude Include="..\Classes\MonsterHelpLayer.h" />
    <ClInclude Include="..\Classes\MonsterLayer.h" />
    <ClInclude Include="..\Classes\MonsterManager.h" />
    <ClInclude Include="..\Classes\MoveControllerBase.h" />
    <ClInclude Include="..\Classes\TowerBase.h" />
    <ClInclude Include="..\Classes\BulletRocket.h" />
    <ClInclude Include="..\Classes\BulletBase.h" />
    <ClInclude Include="..\Classes\BulletFactory.h" />
    <ClInclude Include="..\Classes\BulletLayer.h" />
    <ClInclude Include="..\Classes\BulletManager.h" />
    <ClInclude Include="..\Classes\BulletStar.h" />
    <ClInclude Include="..\Classes\BulletPin.h" />
    <ClInclude Include="..\Classes\BulletAnchor.h" />
    <ClInclude Include="..\Classes\BulletBlueStar.h" />
    <ClInclude Include="..\Classes\TowerManager.h" />
    <ClInclude Include="..\Classes\TowersLayer.h" />
    <ClInclude Include="..\Classes\AboutUsLayer.h" />
    <ClInclude Include="..\Classes\HelpLayer.h" />
    <ClInclude Include="..\Classes\DataStatisticsLayer.h" />
    <ClInclude Include="..\Classes\HelpMenuPanelLayer.h" />
    <ClInclude Include="..\Classes\HelpScene.h" />
    <ClInclude Include="..\Classes\LevelSelectLayer.h" />
    <ClInclude Include="..\Classes\LevelSelectScene.h" />
    <ClInclude Include="..\Classes\LocalLevelDataUtil.h" />
    <ClInclude Include="..\Classes\OptionLayer.h" />
    <ClInclude Include="..\Classes\SelectSceneMenuPanelLayer.h" />
    <ClInclude Include="..\Classes\SettingMenuPanelLayer.h" />
    <ClInclude Include="..\Classes\SettingScene.h" />
    <ClInclude Include="..\Classes\ThemeSelectScene.h" />
    <ClInclude Include="..\Classes\TowerHelpLayer.h" />
    <ClInclude Include="..\Classes\VictimEntityBase.h" />
    <ClInclude Include="..\Classes\GameSceneII.h" />
    <ClInclude Include="..\Classes\LevelConfigUtil.h" />
    <ClInclude Include="..\Classes\TiledMapLayer.h" />
    <ClInclude Include="..\Classes\LoadingScene.h" />
    <ClInclude Include="..\Classes\BarrierBase.h" />
    <ClInclude Include="..\Classes\CollisionManager.h" />
    <ClInclude Include="..\Classes\HpSlot.h" />
    <ClInclude Include="..\Classes\MonsterBase.h" />
    <ClInclude Include="..\Classes\MonsterFactory.h" />
    <ClInclude Include="..\Classes\TowerBall.h" />
    <ClInclude Include="..\Classes\TowerBlueStar.h" />
    <ClInclude Include="..\Classes\TowerFireBottle.h" />
    <ClInclude Include="..\Classes\TowerPin.h" />
    <ClInclude Include="..\Classes\TowerPlane.h" />
    <ClInclude Include="..\Classes\TowerRocket.h" />
    <ClInclude Include="..\Classes\TowerSnow.h" />
    <ClInclude Include="..\Classes\TowerStar.h" />
    <ClInclude Include="..\Classes\TowerSun.h" />
    <ClInclude Include="..\Classes\BarrierBuilder.h" />
    <ClInclude Include="..\Classes\BulletLittleAnchor.h" />
    <ClInclude Include="..\Classes\CountDownLayer.h" />
    <ClInclude Include="..\Classes\GameEndLayer.h" />
    <ClInclude Include="..\Classes\GameScene.h" />
    <ClInclude Include="..\Classes\MonsterBuilder.h" />
    <ClInclude Include="..\Classes\OptLayer.h" />
    <ClInclude Include="..\Classes\PauseLayer.h" />
    <ClInclude Include="..\Classes\ScoreAndControlLayer.h" />
    <ClInclude Include="..\Classes\SharedMenu.h" />
    <ClInclude Include="..\Classes\TowerAnchor.h" />
    <ClInclude Include="..\Classes\TowerFactory.h" />
    <ClInclude Include="..\Classes\TowerOptBtn.h" />
    <ClInclude Include="..\Classes\BossModeLevelSelectLayer.h" />
    <ClInclude Include="..\Classes\BossModeLevelSelectScene.h" />
    <ClInclude Include="..\Classes\BM_MonsterBuilder.h" />
    <ClInclude Include="..\Classes\BM_ScoreAndControlLayer.h" />
    <ClInclude Include="..\Classes\BM_GameEndLayer.h" />
    <ClInclude Include="..\Classes\BulletFish.h" />
    <ClInclude Include="..\Classes\TowerFish.h" />
    <ClInclude Include="..\Classes\AdvertisementLayer.h" />
    <ClInclude Include="..\Classes\DataCollectLayer.h" />
    <ClInclude Include="..\Classes\TowerMushroom.h" />
    <ClInclude Include="..\Classes\TowerArrow.h" />
  </ItemGroup>
  <ItemGroup>
    <ResourceCompile Include="game.rc" />
  </ItemGroup>
</Project>